
Microsoft Visual Studio Solution File, Format Version 12.00
# Visual Studio Version 16
VisualStudioVersion = 16.0.30413.136
MinimumVisualStudioVersion = 10.0.40219.1
Project("{FAE04EC0-301F-11D3-BF4B-00C04F79EFBC}") = "Day10", "Day10.csproj", "{981CE249-8828-4EEC-BA0C-31ECC8385B8C}"
EndProject
Global
	GlobalSection(SolutionConfigurationPlatforms) = preSolution
		Debug|Any CPU = Debug|Any CPU
		Release|Any CPU = Release|Any CPU
	EndGlobalSection
	GlobalSection(ProjectConfigurationPlatforms) = postSolution
		{981CE249-8828-4EEC-BA0C-31ECC8385B8C}.Debug|Any CPU.ActiveCfg = Debug|Any CPU
		{981CE249-8828-4EEC-BA0C-31ECC8385B8C}.Debug|Any CPU.Build.0 = Debug|Any CPU
		{981CE249-8828-4EEC-BA0C-31ECC8385B8C}.Release|Any CPU.ActiveCfg = Release|Any CPU
		{981CE249-8828-4EEC-BA0C-31ECC8385B8C}.Release|Any CPU.Build.0 = Release|Any CPU
	EndGlobalSection
	GlobalSection(SolutionProperties) = preSolution
		HideSolutionNode = FALSE
	EndGlobalSection
	GlobalSection(ExtensibilityGlobals) = postSolution
		SolutionGuid = {9421604B-7F15-45B0-97F7-9C2544282572}
	EndGlobalSection
EndGlobal
